// !$*UTF8*$!
{
	archiveVersion = 1;
	classes = {
	};
	objectVersion = 46;
	objects = {

/* Begin PBXBuildFile section */
		8338E6CF1B05F27B002EA426 /* main.m in Sources */ = {isa = PBXBuildFile; fileRef = 8338E6CE1B05F27B002EA426 /* main.m */; };
		8338E6D21B05F27B002EA426 /* AppDelegate.m in Sources */ = {isa = PBXBuildFile; fileRef = 8338E6D11B05F27B002EA426 /* AppDelegate.m */; };
		8338E6D51B05F27B002EA426 /* BillingEstimateCalculator.xcdatamodeld in Sources */ = {isa = PBXBuildFile; fileRef = 8338E6D31B05F27B002EA426 /* BillingEstimateCalculator.xcdatamodeld */; };
		8338E6D81B05F27B002EA426 /* MasterViewController.m in Sources */ = {isa = PBXBuildFile; fileRef = 8338E6D71B05F27B002EA426 /* MasterViewController.m */; };
		8338E6DB1B05F27B002EA426 /* BillDetailViewController.m in Sources */ = {isa = PBXBuildFile; fileRef = 8338E6DA1B05F27B002EA426 /* BillDetailViewController.m */; };
		8338E6DE1B05F27B002EA426 /* Main.storyboard in Resources */ = {isa = PBXBuildFile; fileRef = 8338E6DC1B05F27B002EA426 /* Main.storyboard */; };
		8338E6E31B05F27B002EA426 /* LaunchScreen.xib in Resources */ = {isa = PBXBuildFile; fileRef = 8338E6E11B05F27B002EA426 /* LaunchScreen.xib */; };
		8338E6EF1B05F27B002EA426 /* BillingEstimateCalculatorTests.m in Sources */ = {isa = PBXBuildFile; fileRef = 8338E6EE1B05F27B002EA426 /* BillingEstimateCalculatorTests.m */; };
		8338E70E1B05F7F0002EA426 /* Company.m in Sources */ = {isa = PBXBuildFile; fileRef = 8338E70D1B05F7F0002EA426 /* Company.m */; };
		8338E7111B05F7F0002EA426 /* Bill.m in Sources */ = {isa = PBXBuildFile; fileRef = 8338E7101B05F7F0002EA426 /* Bill.m */; };
		8338E71B1B05FBEA002EA426 /* ExampleBillCreator.m in Sources */ = {isa = PBXBuildFile; fileRef = 8338E71A1B05FBEA002EA426 /* ExampleBillCreator.m */; };
		8338E71E1B05FED7002EA426 /* Bill+Management.m in Sources */ = {isa = PBXBuildFile; fileRef = 8338E71D1B05FED7002EA426 /* Bill+Management.m */; };
		8338E7221B0628D2002EA426 /* Tier+Management.m in Sources */ = {isa = PBXBuildFile; fileRef = 8338E7211B0628D2002EA426 /* Tier+Management.m */; };
		8338E7261B063A03002EA426 /* Company+Management.m in Sources */ = {isa = PBXBuildFile; fileRef = 8338E7251B063A03002EA426 /* Company+Management.m */; };
		8338E7291B064F6E002EA426 /* Utils.m in Sources */ = {isa = PBXBuildFile; fileRef = 8338E7281B064F6E002EA426 /* Utils.m */; };
		837189771B07EAD000BF9A2C /* TierTableViewCell.m in Sources */ = {isa = PBXBuildFile; fileRef = 837189761B07EAD000BF9A2C /* TierTableViewCell.m */; };
		8371897D1B09DBB400BF9A2C /* Tier.m in Sources */ = {isa = PBXBuildFile; fileRef = 8371897C1B09DBB400BF9A2C /* Tier.m */; };
		837189B91B0B9B9100BF9A2C /* MessageUI.framework in Frameworks */ = {isa = PBXBuildFile; fileRef = 837189B81B0B9B9100BF9A2C /* MessageUI.framework */; };
		837189BD1B0BF30300BF9A2C /* Images.xcassets in Resources */ = {isa = PBXBuildFile; fileRef = 837189BC1B0BF30300BF9A2C /* Images.xcassets */; };
		837189CB1B0BF4AD00BF9A2C /* icon29.png in Resources */ = {isa = PBXBuildFile; fileRef = 837189BF1B0BF4AD00BF9A2C /* icon29.png */; };
		837189CC1B0BF4AD00BF9A2C /* icon40.png in Resources */ = {isa = PBXBuildFile; fileRef = 837189C01B0BF4AD00BF9A2C /* icon40.png */; };
		837189CD1B0BF4AD00BF9A2C /* icon50.png in Resources */ = {isa = PBXBuildFile; fileRef = 837189C11B0BF4AD00BF9A2C /* icon50.png */; };
		837189CE1B0BF4AD00BF9A2C /* icon58.png in Resources */ = {isa = PBXBuildFile; fileRef = 837189C21B0BF4AD00BF9A2C /* icon58.png */; };
		837189CF1B0BF4AD00BF9A2C /* icon72.png in Resources */ = {isa = PBXBuildFile; fileRef = 837189C31B0BF4AD00BF9A2C /* icon72.png */; };
		837189D01B0BF4AD00BF9A2C /* icon76.png in Resources */ = {isa = PBXBuildFile; fileRef = 837189C41B0BF4AD00BF9A2C /* icon76.png */; };
		837189D11B0BF4AD00BF9A2C /* icon80.png in Resources */ = {isa = PBXBuildFile; fileRef = 837189C51B0BF4AD00BF9A2C /* icon80.png */; };
		837189D21B0BF4AD00BF9A2C /* icon100.png in Resources */ = {isa = PBXBuildFile; fileRef = 837189C61B0BF4AD00BF9A2C /* icon100.png */; };
		837189D31B0BF4AD00BF9A2C /* icon144.png in Resources */ = {isa = PBXBuildFile; fileRef = 837189C71B0BF4AD00BF9A2C /* icon144.png */; };
		837189D41B0BF4AD00BF9A2C /* icon152.png in Resources */ = {isa = PBXBuildFile; fileRef = 837189C81B0BF4AD00BF9A2C /* icon152.png */; };
		837189D51B0BF4AD00BF9A2C /* icon154.png in Resources */ = {isa = PBXBuildFile; fileRef = 837189C91B0BF4AD00BF9A2C /* icon154.png */; };
		837189D81B0CB73D00BF9A2C /* NSString+Common.m in Sources */ = {isa = PBXBuildFile; fileRef = 837189D71B0CB73D00BF9A2C /* NSString+Common.m */; };
		83B46F361B06860300884297 /* BillTableViewCell.m in Sources */ = {isa = PBXBuildFile; fileRef = 83B46F351B06860300884297 /* BillTableViewCell.m */; };
/* End PBXBuildFile section */

/* Begin PBXContainerItemProxy section */
		8338E6E91B05F27B002EA426 /* PBXContainerItemProxy */ = {
			isa = PBXContainerItemProxy;
			containerPortal = 8338E6C11B05F27B002EA426 /* Project object */;
			proxyType = 1;
			remoteGlobalIDString = 8338E6C81B05F27B002EA426;
			remoteInfo = BillingEstimateCalculator;
		};
/* End PBXContainerItemProxy section */

/* Begin PBXFileReference section */
		8338E6C91B05F27B002EA426 /* BillingEstimateCalculator.app */ = {isa = PBXFileReference; explicitFileType = wrapper.application; includeInIndex = 0; path = BillingEstimateCalculator.app; sourceTree = BUILT_PRODUCTS_DIR; };
		8338E6CD1B05F27B002EA426 /* Info.plist */ = {isa = PBXFileReference; lastKnownFileType = text.plist.xml; path = Info.plist; sourceTree = "<group>"; };
		8338E6CE1B05F27B002EA426 /* main.m */ = {isa = PBXFileReference; lastKnownFileType = sourcecode.c.objc; path = main.m; sourceTree = "<group>"; };
		8338E6D01B05F27B002EA426 /* AppDelegate.h */ = {isa = PBXFileReference; lastKnownFileType = sourcecode.c.h; path = AppDelegate.h; sourceTree = "<group>"; };
		8338E6D11B05F27B002EA426 /* AppDelegate.m */ = {isa = PBXFileReference; lastKnownFileType = sourcecode.c.objc; path = AppDelegate.m; sourceTree = "<group>"; };
		8338E6D41B05F27B002EA426 /* BillingEstimateCalculator.xcdatamodel */ = {isa = PBXFileReference; lastKnownFileType = wrapper.xcdatamodel; path = BillingEstimateCalculator.xcdatamodel; sourceTree = "<group>"; };
		8338E6D61B05F27B002EA426 /* MasterViewController.h */ = {isa = PBXFileReference; lastKnownFileType = sourcecode.c.h; path = MasterViewController.h; sourceTree = "<group>"; };
		8338E6D71B05F27B002EA426 /* MasterViewController.m */ = {isa = PBXFileReference; lastKnownFileType = sourcecode.c.objc; path = MasterViewController.m; sourceTree = "<group>"; };
		8338E6D91B05F27B002EA426 /* BillDetailViewController.h */ = {isa = PBXFileReference; lastKnownFileType = sourcecode.c.h; path = BillDetailViewController.h; sourceTree = "<group>"; };
		8338E6DA1B05F27B002EA426 /* BillDetailViewController.m */ = {isa = PBXFileReference; lastKnownFileType = sourcecode.c.objc; path = BillDetailViewController.m; sourceTree = "<group>"; };
		8338E6DD1B05F27B002EA426 /* Base */ = {isa = PBXFileReference; lastKnownFileType = file.storyboard; name = Base; path = Base.lproj/Main.storyboard; sourceTree = "<group>"; };
		8338E6E21B05F27B002EA426 /* Base */ = {isa = PBXFileReference; lastKnownFileType = file.xib; name = Base; path = Base.lproj/LaunchScreen.xib; sourceTree = "<group>"; };
		8338E6E81B05F27B002EA426 /* BillingEstimateCalculatorTests.xctest */ = {isa = PBXFileReference; explicitFileType = wrapper.cfbundle; includeInIndex = 0; path = BillingEstimateCalculatorTests.xctest; sourceTree = BUILT_PRODUCTS_DIR; };
		8338E6ED1B05F27B002EA426 /* Info.plist */ = {isa = PBXFileReference; lastKnownFileType = text.plist.xml; path = Info.plist; sourceTree = "<group>"; };
		8338E6EE1B05F27B002EA426 /* BillingEstimateCalculatorTests.m */ = {isa = PBXFileReference; lastKnownFileType = sourcecode.c.objc; path = BillingEstimateCalculatorTests.m; sourceTree = "<group>"; };
		8338E70C1B05F7F0002EA426 /* Company.h */ = {isa = PBXFileReference; fileEncoding = 4; lastKnownFileType = sourcecode.c.h; path = Company.h; sourceTree = "<group>"; };
		8338E70D1B05F7F0002EA426 /* Company.m */ = {isa = PBXFileReference; fileEncoding = 4; lastKnownFileType = sourcecode.c.objc; path = Company.m; sourceTree = "<group>"; };
		8338E70F1B05F7F0002EA426 /* Bill.h */ = {isa = PBXFileReference; fileEncoding = 4; lastKnownFileType = sourcecode.c.h; path = Bill.h; sourceTree = "<group>"; };
		8338E7101B05F7F0002EA426 /* Bill.m */ = {isa = PBXFileReference; fileEncoding = 4; lastKnownFileType = sourcecode.c.objc; path = Bill.m; sourceTree = "<group>"; };
		8338E7191B05FBEA002EA426 /* ExampleBillCreator.h */ = {isa = PBXFileReference; fileEncoding = 4; lastKnownFileType = sourcecode.c.h; path = ExampleBillCreator.h; sourceTree = "<group>"; };
		8338E71A1B05FBEA002EA426 /* ExampleBillCreator.m */ = {isa = PBXFileReference; fileEncoding = 4; lastKnownFileType = sourcecode.c.objc; path = ExampleBillCreator.m; sourceTree = "<group>"; };
		8338E71C1B05FED7002EA426 /* Bill+Management.h */ = {isa = PBXFileReference; fileEncoding = 4; lastKnownFileType = sourcecode.c.h; path = "Bill+Management.h"; sourceTree = "<group>"; };
		8338E71D1B05FED7002EA426 /* Bill+Management.m */ = {isa = PBXFileReference; fileEncoding = 4; lastKnownFileType = sourcecode.c.objc; path = "Bill+Management.m"; sourceTree = "<group>"; };
		8338E7211B0628D2002EA426 /* Tier+Management.m */ = {isa = PBXFileReference; fileEncoding = 4; lastKnownFileType = sourcecode.c.objc; path = "Tier+Management.m"; sourceTree = "<group>"; };
		8338E7231B0628F9002EA426 /* Tier+Management.h */ = {isa = PBXFileReference; fileEncoding = 4; lastKnownFileType = sourcecode.c.h; path = "Tier+Management.h"; sourceTree = "<group>"; };
		8338E7241B0639E9002EA426 /* Company+Management.h */ = {isa = PBXFileReference; fileEncoding = 4; lastKnownFileType = sourcecode.c.h; path = "Company+Management.h"; sourceTree = "<group>"; };
		8338E7251B063A03002EA426 /* Company+Management.m */ = {isa = PBXFileReference; fileEncoding = 4; lastKnownFileType = sourcecode.c.objc; path = "Company+Management.m"; sourceTree = "<group>"; };
		8338E7271B064F4C002EA426 /* Utils.h */ = {isa = PBXFileReference; fileEncoding = 4; lastKnownFileType = sourcecode.c.h; path = Utils.h; sourceTree = "<group>"; };
		8338E7281B064F6E002EA426 /* Utils.m */ = {isa = PBXFileReference; fileEncoding = 4; lastKnownFileType = sourcecode.c.objc; path = Utils.m; sourceTree = "<group>"; };
		837189751B07EAD000BF9A2C /* TierTableViewCell.h */ = {isa = PBXFileReference; fileEncoding = 4; lastKnownFileType = sourcecode.c.h; path = TierTableViewCell.h; sourceTree = "<group>"; };
		837189761B07EAD000BF9A2C /* TierTableViewCell.m */ = {isa = PBXFileReference; fileEncoding = 4; lastKnownFileType = sourcecode.c.objc; path = TierTableViewCell.m; sourceTree = "<group>"; };
		8371897B1B09DBB400BF9A2C /* Tier.h */ = {isa = PBXFileReference; fileEncoding = 4; lastKnownFileType = sourcecode.c.h; path = Tier.h; sourceTree = "<group>"; };
		8371897C1B09DBB400BF9A2C /* Tier.m */ = {isa = PBXFileReference; fileEncoding = 4; lastKnownFileType = sourcecode.c.objc; path = Tier.m; sourceTree = "<group>"; };
		837189B81B0B9B9100BF9A2C /* MessageUI.framework */ = {isa = PBXFileReference; lastKnownFileType = wrapper.framework; name = MessageUI.framework; path = System/Library/Frameworks/MessageUI.framework; sourceTree = SDKROOT; };
		837189BC1B0BF30300BF9A2C /* Images.xcassets */ = {isa = PBXFileReference; lastKnownFileType = folder.assetcatalog; path = Images.xcassets; sourceTree = "<group>"; };
		837189BF1B0BF4AD00BF9A2C /* icon29.png */ = {isa = PBXFileReference; lastKnownFileType = image.png; path = icon29.png; sourceTree = "<group>"; };
		837189C01B0BF4AD00BF9A2C /* icon40.png */ = {isa = PBXFileReference; lastKnownFileType = image.png; path = icon40.png; sourceTree = "<group>"; };
		837189C11B0BF4AD00BF9A2C /* icon50.png */ = {isa = PBXFileReference; lastKnownFileType = image.png; path = icon50.png; sourceTree = "<group>"; };
		837189C21B0BF4AD00BF9A2C /* icon58.png */ = {isa = PBXFileReference; lastKnownFileType = image.png; path = icon58.png; sourceTree = "<group>"; };
		837189C31B0BF4AD00BF9A2C /* icon72.png */ = {isa = PBXFileReference; lastKnownFileType = image.png; path = icon72.png; sourceTree = "<group>"; };
		837189C41B0BF4AD00BF9A2C /* icon76.png */ = {isa = PBXFileReference; lastKnownFileType = image.png; path = icon76.png; sourceTree = "<group>"; };
		837189C51B0BF4AD00BF9A2C /* icon80.png */ = {isa = PBXFileReference; lastKnownFileType = image.png; path = icon80.png; sourceTree = "<group>"; };
		837189C61B0BF4AD00BF9A2C /* icon100.png */ = {isa = PBXFileReference; lastKnownFileType = image.png; path = icon100.png; sourceTree = "<group>"; };
		837189C71B0BF4AD00BF9A2C /* icon144.png */ = {isa = PBXFileReference; lastKnownFileType = image.png; path = icon144.png; sourceTree = "<group>"; };
		837189C81B0BF4AD00BF9A2C /* icon152.png */ = {isa = PBXFileReference; lastKnownFileType = image.png; path = icon152.png; sourceTree = "<group>"; };
		837189C91B0BF4AD00BF9A2C /* icon154.png */ = {isa = PBXFileReference; lastKnownFileType = image.png; path = icon154.png; sourceTree = "<group>"; };
		837189D71B0CB73D00BF9A2C /* NSString+Common.m */ = {isa = PBXFileReference; fileEncoding = 4; lastKnownFileType = sourcecode.c.objc; path = "NSString+Common.m"; sourceTree = "<group>"; };
		837189D91B0CB75500BF9A2C /* NSString+Common.h */ = {isa = PBXFileReference; fileEncoding = 4; lastKnownFileType = sourcecode.c.h; path = "NSString+Common.h"; sourceTree = "<group>"; };
		83B46F341B06860300884297 /* BillTableViewCell.h */ = {isa = PBXFileReference; fileEncoding = 4; lastKnownFileType = sourcecode.c.h; path = BillTableViewCell.h; sourceTree = "<group>"; };
		83B46F351B06860300884297 /* BillTableViewCell.m */ = {isa = PBXFileReference; fileEncoding = 4; lastKnownFileType = sourcecode.c.objc; path = BillTableViewCell.m; sourceTree = "<group>"; };
/* End PBXFileReference section */

/* Begin PBXFrameworksBuildPhase section */
		8338E6C61B05F27B002EA426 /* Frameworks */ = {
			isa = PBXFrameworksBuildPhase;
			buildActionMask = 2147483647;
			files = (
				837189B91B0B9B9100BF9A2C /* MessageUI.framework in Frameworks */,
			);
			runOnlyForDeploymentPostprocessing = 0;
		};
		8338E6E51B05F27B002EA426 /* Frameworks */ = {
			isa = PBXFrameworksBuildPhase;
			buildActionMask = 2147483647;
			files = (
			);
			runOnlyForDeploymentPostprocessing = 0;
		};
/* End PBXFrameworksBuildPhase section */

/* Begin PBXGroup section */
		8338E6C01B05F27B002EA426 = {
			isa = PBXGroup;
			children = (
				8338E6CB1B05F27B002EA426 /* BillingEstimateCalculator */,
				8338E6EB1B05F27B002EA426 /* BillingEstimateCalculatorTests */,
				8338E6CA1B05F27B002EA426 /* Products */,
			);
			sourceTree = "<group>";
		};
		8338E6CA1B05F27B002EA426 /* Products */ = {
			isa = PBXGroup;
			children = (
				8338E6C91B05F27B002EA426 /* BillingEstimateCalculator.app */,
				8338E6E81B05F27B002EA426 /* BillingEstimateCalculatorTests.xctest */,
			);
			name = Products;
			sourceTree = "<group>";
		};
		8338E6CB1B05F27B002EA426 /* BillingEstimateCalculator */ = {
			isa = PBXGroup;
			children = (
				8338E6D01B05F27B002EA426 /* AppDelegate.h */,
				8338E6D11B05F27B002EA426 /* AppDelegate.m */,
				8338E70B1B05F7C2002EA426 /* Model */,
				8338E7151B05FB03002EA426 /* ViewControllers */,
				8338E7161B05FB2F002EA426 /* Utils */,
				837189D61B0CB6CF00BF9A2C /* Categories */,
				8338E7171B05FB45002EA426 /* UI */,
				8338E7181B05FB5F002EA426 /* Images */,
				8338E6CC1B05F27B002EA426 /* Supporting Files */,
			);
			path = BillingEstimateCalculator;
			sourceTree = "<group>";
		};
		8338E6CC1B05F27B002EA426 /* Supporting Files */ = {
			isa = PBXGroup;
			children = (
				837189B81B0B9B9100BF9A2C /* MessageUI.framework */,
				8338E6CD1B05F27B002EA426 /* Info.plist */,
				8338E6CE1B05F27B002EA426 /* main.m */,
			);
			name = "Supporting Files";
			sourceTree = "<group>";
		};
		8338E6EB1B05F27B002EA426 /* BillingEstimateCalculatorTests */ = {
			isa = PBXGroup;
			children = (
				8338E6EE1B05F27B002EA426 /* BillingEstimateCalculatorTests.m */,
				8338E6EC1B05F27B002EA426 /* Supporting Files */,
			);
			path = BillingEstimateCalculatorTests;
			sourceTree = "<group>";
		};
		8338E6EC1B05F27B002EA426 /* Supporting Files */ = {
			isa = PBXGroup;
			children = (
				8338E6ED1B05F27B002EA426 /* Info.plist */,
			);
			name = "Supporting Files";
			sourceTree = "<group>";
		};
		8338E70B1B05F7C2002EA426 /* Model */ = {
			isa = PBXGroup;
			children = (
				8338E6D31B05F27B002EA426 /* BillingEstimateCalculator.xcdatamodeld */,
				8371897B1B09DBB400BF9A2C /* Tier.h */,
				8371897C1B09DBB400BF9A2C /* Tier.m */,
				8338E7231B0628F9002EA426 /* Tier+Management.h */,
				8338E7211B0628D2002EA426 /* Tier+Management.m */,
				8338E70F1B05F7F0002EA426 /* Bill.h */,
				8338E7101B05F7F0002EA426 /* Bill.m */,
				8338E71C1B05FED7002EA426 /* Bill+Management.h */,
				8338E71D1B05FED7002EA426 /* Bill+Management.m */,
				8338E70C1B05F7F0002EA426 /* Company.h */,
				8338E70D1B05F7F0002EA426 /* Company.m */,
				8338E7241B0639E9002EA426 /* Company+Management.h */,
				8338E7251B063A03002EA426 /* Company+Management.m */,
			);
			name = Model;
			sourceTree = "<group>";
		};
		8338E7151B05FB03002EA426 /* ViewControllers */ = {
			isa = PBXGroup;
			children = (
				8338E6D61B05F27B002EA426 /* MasterViewController.h */,
				8338E6D71B05F27B002EA426 /* MasterViewController.m */,
				8338E6D91B05F27B002EA426 /* BillDetailViewController.h */,
				8338E6DA1B05F27B002EA426 /* BillDetailViewController.m */,
				83B46F331B0685C200884297 /* Cells */,
			);
			name = ViewControllers;
			sourceTree = "<group>";
		};
		8338E7161B05FB2F002EA426 /* Utils */ = {
			isa = PBXGroup;
			children = (
				8338E7191B05FBEA002EA426 /* ExampleBillCreator.h */,
				8338E71A1B05FBEA002EA426 /* ExampleBillCreator.m */,
				8338E7271B064F4C002EA426 /* Utils.h */,
				8338E7281B064F6E002EA426 /* Utils.m */,
			);
			name = Utils;
			sourceTree = "<group>";
		};
		8338E7171B05FB45002EA426 /* UI */ = {
			isa = PBXGroup;
			children = (
				8338E6E11B05F27B002EA426 /* LaunchScreen.xib */,
				8338E6DC1B05F27B002EA426 /* Main.storyboard */,
			);
			name = UI;
			sourceTree = "<group>";
		};
		8338E7181B05FB5F002EA426 /* Images */ = {
			isa = PBXGroup;
			children = (
				837189BF1B0BF4AD00BF9A2C /* icon29.png */,
				837189C01B0BF4AD00BF9A2C /* icon40.png */,
				837189C11B0BF4AD00BF9A2C /* icon50.png */,
				837189C21B0BF4AD00BF9A2C /* icon58.png */,
				837189C31B0BF4AD00BF9A2C /* icon72.png */,
				837189C41B0BF4AD00BF9A2C /* icon76.png */,
				837189C51B0BF4AD00BF9A2C /* icon80.png */,
				837189C61B0BF4AD00BF9A2C /* icon100.png */,
				837189C71B0BF4AD00BF9A2C /* icon144.png */,
				837189C81B0BF4AD00BF9A2C /* icon152.png */,
				837189C91B0BF4AD00BF9A2C /* icon154.png */,
				837189BC1B0BF30300BF9A2C /* Images.xcassets */,
			);
			name = Images;
			sourceTree = "<group>";
		};
		837189D61B0CB6CF00BF9A2C /* Categories */ = {
			isa = PBXGroup;
			children = (
				837189D91B0CB75500BF9A2C /* NSString+Common.h */,
				837189D71B0CB73D00BF9A2C /* NSString+Common.m */,
			);
			name = Categories;
			sourceTree = "<group>";
		};
		83B46F331B0685C200884297 /* Cells */ = {
			isa = PBXGroup;
			children = (
				83B46F341B06860300884297 /* BillTableViewCell.h */,
				83B46F351B06860300884297 /* BillTableViewCell.m */,
				837189751B07EAD000BF9A2C /* TierTableViewCell.h */,
				837189761B07EAD000BF9A2C /* TierTableViewCell.m */,
			);
			name = Cells;
			sourceTree = "<group>";
		};
/* End PBXGroup section */

/* Begin PBXNativeTarget section */
		8338E6C81B05F27B002EA426 /* BillingEstimateCalculator */ = {
			isa = PBXNativeTarget;
			buildConfigurationList = 8338E6F21B05F27B002EA426 /* Build configuration list for PBXNativeTarget "BillingEstimateCalculator" */;
			buildPhases = (
				8338E6C51B05F27B002EA426 /* Sources */,
				8338E6C61B05F27B002EA426 /* Frameworks */,
				8338E6C71B05F27B002EA426 /* Resources */,
			);
			buildRules = (
			);
			dependencies = (
			);
			name = BillingEstimateCalculator;
			productName = BillingEstimateCalculator;
			productReference = 8338E6C91B05F27B002EA426 /* BillingEstimateCalculator.app */;
			productType = "com.apple.product-type.application";
		};
		8338E6E71B05F27B002EA426 /* BillingEstimateCalculatorTests */ = {
			isa = PBXNativeTarget;
			buildConfigurationList = 8338E6F51B05F27B002EA426 /* Build configuration list for PBXNativeTarget "BillingEstimateCalculatorTests" */;
			buildPhases = (
				8338E6E41B05F27B002EA426 /* Sources */,
				8338E6E51B05F27B002EA426 /* Frameworks */,
				8338E6E61B05F27B002EA426 /* Resources */,
			);
			buildRules = (
			);
			dependencies = (
				8338E6EA1B05F27B002EA426 /* PBXTargetDependency */,
			);
			name = BillingEstimateCalculatorTests;
			productName = BillingEstimateCalculatorTests;
			productReference = 8338E6E81B05F27B002EA426 /* BillingEstimateCalculatorTests.xctest */;
			productType = "com.apple.product-type.bundle.unit-test";
		};
/* End PBXNativeTarget section */

/* Begin PBXProject section */
		8338E6C11B05F27B002EA426 /* Project object */ = {
			isa = PBXProject;
			attributes = {
				LastUpgradeCheck = 0630;
				ORGANIZATIONNAME = Winstanley;
				TargetAttributes = {
					8338E6C81B05F27B002EA426 = {
						CreatedOnToolsVersion = 6.3.1;
					};
					8338E6E71B05F27B002EA426 = {
						CreatedOnToolsVersion = 6.3.1;
						TestTargetID = 8338E6C81B05F27B002EA426;
					};
				};
			};
			buildConfigurationList = 8338E6C41B05F27B002EA426 /* Build configuration list for PBXProject "BillingEstimateCalculator" */;
			compatibilityVersion = "Xcode 3.2";
			developmentRegion = English;
			hasScannedForEncodings = 0;
			knownRegions = (
				en,
				Base,
			);
			mainGroup = 8338E6C01B05F27B002EA426;
			productRefGroup = 8338E6CA1B05F27B002EA426 /* Products */;
			projectDirPath = "";
			projectRoot = "";
			targets = (
				8338E6C81B05F27B002EA426 /* BillingEstimateCalculator */,
				8338E6E71B05F27B002EA426 /* BillingEstimateCalculatorTests */,
			);
		};
/* End PBXProject section */

/* Begin PBXResourcesBuildPhase section */
		8338E6C71B05F27B002EA426 /* Resources */ = {
			isa = PBXResourcesBuildPhase;
			buildActionMask = 2147483647;
			files = (
				837189D51B0BF4AD00BF9A2C /* icon154.png in Resources */,
				837189D21B0BF4AD00BF9A2C /* icon100.png in Resources */,
				837189D01B0BF4AD00BF9A2C /* icon76.png in Resources */,
				837189D11B0BF4AD00BF9A2C /* icon80.png in Resources */,
				837189BD1B0BF30300BF9A2C /* Images.xcassets in Resources */,
				837189CD1B0BF4AD00BF9A2C /* icon50.png in Resources */,
				8338E6DE1B05F27B002EA426 /* Main.storyboard in Resources */,
				837189D41B0BF4AD00BF9A2C /* icon152.png in Resources */,
				8338E6E31B05F27B002EA426 /* LaunchScreen.xib in Resources */,
				837189CE1B0BF4AD00BF9A2C /* icon58.png in Resources */,
				837189D31B0BF4AD00BF9A2C /* icon144.png in Resources */,
				837189CB1B0BF4AD00BF9A2C /* icon29.png in Resources */,
				837189CC1B0BF4AD00BF9A2C /* icon40.png in Resources */,
				837189CF1B0BF4AD00BF9A2C /* icon72.png in Resources */,
			);
			runOnlyForDeploymentPostprocessing = 0;
		};
		8338E6E61B05F27B002EA426 /* Resources */ = {
			isa = PBXResourcesBuildPhase;
			buildActionMask = 2147483647;
			files = (
			);
			runOnlyForDeploymentPostprocessing = 0;
		};
/* End PBXResourcesBuildPhase section */

/* Begin PBXSourcesBuildPhase section */
		8338E6C51B05F27B002EA426 /* Sources */ = {
			isa = PBXSourcesBuildPhase;
			buildActionMask = 2147483647;
			files = (
				837189771B07EAD000BF9A2C /* TierTableViewCell.m in Sources */,
				83B46F361B06860300884297 /* BillTableViewCell.m in Sources */,
				8338E7291B064F6E002EA426 /* Utils.m in Sources */,
				8338E6DB1B05F27B002EA426 /* BillDetailViewController.m in Sources */,
				8338E70E1B05F7F0002EA426 /* Company.m in Sources */,
				8371897D1B09DBB400BF9A2C /* Tier.m in Sources */,
				8338E7261B063A03002EA426 /* Company+Management.m in Sources */,
				8338E7111B05F7F0002EA426 /* Bill.m in Sources */,
				837189D81B0CB73D00BF9A2C /* NSString+Common.m in Sources */,
				8338E71E1B05FED7002EA426 /* Bill+Management.m in Sources */,
				8338E6D81B05F27B002EA426 /* MasterViewController.m in Sources */,
				8338E7221B0628D2002EA426 /* Tier+Management.m in Sources */,
				8338E6D51B05F27B002EA426 /* BillingEstimateCalculator.xcdatamodeld in Sources */,
				8338E6D21B05F27B002EA426 /* AppDelegate.m in Sources */,
				8338E71B1B05FBEA002EA426 /* ExampleBillCreator.m in Sources */,
				8338E6CF1B05F27B002EA426 /* main.m in Sources */,
			);
			runOnlyForDeploymentPostprocessing = 0;
		};
		8338E6E41B05F27B002EA426 /* Sources */ = {
			isa = PBXSourcesBuildPhase;
			buildActionMask = 2147483647;
			files = (
				8338E6EF1B05F27B002EA426 /* BillingEstimateCalculatorTests.m in Sources */,
			);
			runOnlyForDeploymentPostprocessing = 0;
		};
/* End PBXSourcesBuildPhase section */

/* Begin PBXTargetDependency section */
		8338E6EA1B05F27B002EA426 /* PBXTargetDependency */ = {
			isa = PBXTargetDependency;
			target = 8338E6C81B05F27B002EA426 /* BillingEstimateCalculator */;
			targetProxy = 8338E6E91B05F27B002EA426 /* PBXContainerItemProxy */;
		};
/* End PBXTargetDependency section */

/* Begin PBXVariantGroup section */
		8338E6DC1B05F27B002EA426 /* Main.storyboard */ = {
			isa = PBXVariantGroup;
			children = (
				8338E6DD1B05F27B002EA426 /* Base */,
			);
			name = Main.storyboard;
			sourceTree = "<group>";
		};
		8338E6E11B05F27B002EA426 /* LaunchScreen.xib */ = {
			isa = PBXVariantGroup;
			children = (
				8338E6E21B05F27B002EA426 /* Base */,
			);
			name = LaunchScreen.xib;
			sourceTree = "<group>";
		};
/* End PBXVariantGroup section */

/* Begin XCBuildConfiguration section */
		8338E6F01B05F27B002EA426 /* Debug */ = {
			isa = XCBuildConfiguration;
			buildSettings = {
				ALWAYS_SEARCH_USER_PATHS = NO;
				CLANG_CXX_LANGUAGE_STANDARD = "gnu++0x";
				CLANG_CXX_LIBRARY = "libc++";
				CLANG_ENABLE_MODULES = YES;
				CLANG_ENABLE_OBJC_ARC = YES;
				CLANG_WARN_BOOL_CONVERSION = YES;
				CLANG_WARN_CONSTANT_CONVERSION = YES;
				CLANG_WARN_DIRECT_OBJC_ISA_USAGE = YES_ERROR;
				CLANG_WARN_EMPTY_BODY = YES;
				CLANG_WARN_ENUM_CONVERSION = YES;
				CLANG_WARN_INT_CONVERSION = YES;
				CLANG_WARN_OBJC_ROOT_CLASS = YES_ERROR;
				CLANG_WARN_UNREACHABLE_CODE = YES;
				CLANG_WARN__DUPLICATE_METHOD_MATCH = YES;
				"CODE_SIGN_IDENTITY[sdk=iphoneos*]" = "iPhone Developer";
				COPY_PHASE_STRIP = NO;
				DEBUG_INFORMATION_FORMAT = "dwarf-with-dsym";
				ENABLE_STRICT_OBJC_MSGSEND = YES;
				GCC_C_LANGUAGE_STANDARD = gnu99;
				GCC_DYNAMIC_NO_PIC = NO;
				GCC_NO_COMMON_BLOCKS = YES;
				GCC_OPTIMIZATION_LEVEL = 0;
				GCC_PREPROCESSOR_DEFINITIONS = (
					"DEBUG=1",
					"$(inherited)",
				);
				GCC_SYMBOLS_PRIVATE_EXTERN = NO;
				GCC_WARN_64_TO_32_BIT_CONVERSION = YES;
				GCC_WARN_ABOUT_RETURN_TYPE = YES_ERROR;
				GCC_WARN_UNDECLARED_SELECTOR = YES;
				GCC_WARN_UNINITIALIZED_AUTOS = YES_AGGRESSIVE;
				GCC_WARN_UNUSED_FUNCTION = YES;
				GCC_WARN_UNUSED_VARIABLE = YES;
				IPHONEOS_DEPLOYMENT_TARGET = 8.3;
				MTL_ENABLE_DEBUG_INFO = YES;
				ONLY_ACTIVE_ARCH = YES;
				SDKROOT = iphoneos;
				TARGETED_DEVICE_FAMILY = "1,2";
			};
			name = Debug;
		};
		8338E6F11B05F27B002EA426 /* Release */ = {
			isa = XCBuildConfiguration;
			buildSettings = {
				ALWAYS_SEARCH_USER_PATHS = NO;
				CLANG_CXX_LANGUAGE_STANDARD = "gnu++0x";
				CLANG_CXX_LIBRARY = "libc++";
				CLANG_ENABLE_MODULES = YES;
				CLANG_ENABLE_OBJC_ARC = YES;
				CLANG_WARN_BOOL_CONVERSION = YES;
				CLANG_WARN_CONSTANT_CONVERSION = YES;
				CLANG_WARN_DIRECT_OBJC_ISA_USAGE = YES_ERROR;
				CLANG_WARN_EMPTY_BODY = YES;
				CLANG_WARN_ENUM_CONVERSION = YES;
				CLANG_WARN_INT_CONVERSION = YES;
				CLANG_WARN_OBJC_ROOT_CLASS = YES_ERROR;
				CLANG_WARN_UNREACHABLE_CODE = YES;
				CLANG_WARN__DUPLICATE_METHOD_MATCH = YES;
				"CODE_SIGN_IDENTITY[sdk=iphoneos*]" = "iPhone Developer";
				COPY_PHASE_STRIP = NO;
				DEBUG_INFORMATION_FORMAT = "dwarf-with-dsym";
				ENABLE_NS_ASSERTIONS = NO;
				ENABLE_STRICT_OBJC_MSGSEND = YES;
				GCC_C_LANGUAGE_STANDARD = gnu99;
				GCC_NO_COMMON_BLOCKS = YES;
				GCC_WARN_64_TO_32_BIT_CONVERSION = YES;
				GCC_WARN_ABOUT_RETURN_TYPE = YES_ERROR;
				GCC_WARN_UNDECLARED_SELECTOR = YES;
				GCC_WARN_UNINITIALIZED_AUTOS = YES_AGGRESSIVE;
				GCC_WARN_UNUSED_FUNCTION = YES;
				GCC_WARN_UNUSED_VARIABLE = YES;
				IPHONEOS_DEPLOYMENT_TARGET = 8.3;
				MTL_ENABLE_DEBUG_INFO = NO;
				SDKROOT = iphoneos;
				TARGETED_DEVICE_FAMILY = "1,2";
				VALIDATE_PRODUCT = YES;
			};
			name = Release;
		};
		8338E6F31B05F27B002EA426 /* Debug */ = {
			isa = XCBuildConfiguration;
			buildSettings = {
				ASSETCATALOG_COMPILER_APPICON_NAME = AppIcon;
				INFOPLIST_FILE = BillingEstimateCalculator/Info.plist;
				LD_RUNPATH_SEARCH_PATHS = "$(inherited) @executable_path/Frameworks";
				PRODUCT_NAME = "$(TARGET_NAME)";
				TARGETED_DEVICE_FAMILY = 2;
			};
			name = Debug;
		};
		8338E6F41B05F27B002EA426 /* Release */ = {
			isa = XCBuildConfiguration;
			buildSettings = {
				ASSETCATALOG_COMPILER_APPICON_NAME = AppIcon;
				INFOPLIST_FILE = BillingEstimateCalculator/Info.plist;
				LD_RUNPATH_SEARCH_PATHS = "$(inherited) @executable_path/Frameworks";
				PRODUCT_NAME = "$(TARGET_NAME)";
				TARGETED_DEVICE_FAMILY = 2;
			};
			name = Release;
		};
		8338E6F61B05F27B002EA426 /* Debug */ = {
			isa = XCBuildConfiguration;
			buildSettings = {
				BUNDLE_LOADER = "$(TEST_HOST)";
				FRAMEWORK_SEARCH_PATHS = (
					"$(SDKROOT)/Developer/Library/Frameworks",
					"$(inherited)",
				);
				GCC_PREPROCESSOR_DEFINITIONS = (
					"DEBUG=1",
					"$(inherited)",
				);
				INFOPLIST_FILE = BillingEstimateCalculatorTests/Info.plist;
				LD_RUNPATH_SEARCH_PATHS = "$(inherited) @executable_path/Frameworks @loader_path/Frameworks";
				PRODUCT_NAME = "$(TARGET_NAME)";
				TEST_HOST = "$(BUILT_PRODUCTS_DIR)/BillingEstimateCalculator.app/BillingEstimateCalculator";
			};
			name = Debug;
		};
		8338E6F71B05F27B002EA426 /* Release */ = {
			isa = XCBuildConfiguration;
			buildSettings = {
				BUNDLE_LOADER = "$(TEST_HOST)";
				FRAMEWORK_SEARCH_PATHS = (
					"$(SDKROOT)/Developer/Library/Frameworks",
					"$(inherited)",
				);
				INFOPLIST_FILE = BillingEstimateCalculatorTests/Info.plist;
				LD_RUNPATH_SEARCH_PATHS = "$(inherited) @executable_path/Frameworks @loader_path/Frameworks";
				PRODUCT_NAME = "$(TARGET_NAME)";
				TEST_HOST = "$(BUILT_PRODUCTS_DIR)/BillingEstimateCalculator.app/BillingEstimateCalculator";
			};
			name = Release;
		};
/* End XCBuildConfiguration section */

/* Begin XCConfigurationList section */
		8338E6C41B05F27B002EA426 /* Build configuration list for PBXProject "BillingEstimateCalculator" */ = {
			isa = XCConfigurationList;
			buildConfigurations = (
				8338E6F01B05F27B002EA426 /* Debug */,
				8338E6F11B05F27B002EA426 /* Release */,
			);
			defaultConfigurationIsVisible = 0;
			defaultConfigurationName = Release;
		};
		8338E6F21B05F27B002EA426 /* Build configuration list for PBXNativeTarget "BillingEstimateCalculator" */ = {
			isa = XCConfigurationList;
			buildConfigurations = (
				8338E6F31B05F27B002EA426 /* Debug */,
				8338E6F41B05F27B002EA426 /* Release */,
			);
			defaultConfigurationIsVisible = 0;
			defaultConfigurationName = Release;
		};
		8338E6F51B05F27B002EA426 /* Build configuration list for PBXNativeTarget "BillingEstimateCalculatorTests" */ = {
			isa = XCConfigurationList;
			buildConfigurations = (
				8338E6F61B05F27B002EA426 /* Debug */,
				8338E6F71B05F27B002EA426 /* Release */,
			);
			defaultConfigurationIsVisible = 0;
			defaultConfigurationName = Release;
		};
/* End XCConfigurationList section */

/* Begin XCVersionGroup section */
		8338E6D31B05F27B002EA426 /* BillingEstimateCalculator.xcdatamodeld */ = {
			isa = XCVersionGroup;
			children = (
				8338E6D41B05F27B002EA426 /* BillingEstimateCalculator.xcdatamodel */,
			);
			currentVersion = 8338E6D41B05F27B002EA426 /* BillingEstimateCalculator.xcdatamodel */;
			path = BillingEstimateCalculator.xcdatamodeld;
			sourceTree = "<group>";
			versionGroupType = wrapper.xcdatamodel;
		};
/* End XCVersionGroup section */
	};
	rootObject = 8338E6C11B05F27B002EA426 /* Project object */;
}
